# This file was autogenerated by Stack.
# You should not edit this file by hand.
# For more information, please see the documentation at:
#   https://docs.haskellstack.org/en/stable/lock_files

packages:
- completed:
    commit: 8e66b402c915a7a813132b8fe9146744b8ba49e4
    git: https://github.com/aisamanra/s-cargot.git
    name: s-cargot
    pantry-tree:
      sha256: 5002ae5b66b78da3de9f2a79e38fb05f4f708035d950b0f6b67b60cf80d4d0bd
      size: 2117
    version: 0.1.5.0
  original:
    commit: 8e66b402c915a7a813132b8fe9146744b8ba49e4
    git: https://github.com/aisamanra/s-cargot.git
snapshots:
- completed:
    sha256: 428ec8d5ce932190d3cbe266b9eb3c175cd81e984babf876b64019e2cbe4ea68
    size: 590100
    url: https://raw.githubusercontent.com/commercialhaskell/stackage-snapshots/master/lts/18/28.yaml
  original: lts-18.28
